// !$*UTF8*$!
{
	archiveVersion = 1;
	classes = {
	};
	objectVersion = 50;
	objects = {

/* Begin PBXBuildFile section */
		A612D418226EC61F004BF88F /* tripDetail.swift in Sources */ = {isa = PBXBuildFile; fileRef = A612D417226EC61F004BF88F /* tripDetail.swift */; };
		A6216A2D2265DED30073CE1F /* Reachability.swift in Sources */ = {isa = PBXBuildFile; fileRef = A6216A2C2265DED30073CE1F /* Reachability.swift */; };
		A6216A312265DF0D0073CE1F /* Network.swift in Sources */ = {isa = PBXBuildFile; fileRef = A6216A302265DF0D0073CE1F /* Network.swift */; };
		A6216A332265E3C80073CE1F /* Session.swift in Sources */ = {isa = PBXBuildFile; fileRef = A6216A322265E3C80073CE1F /* Session.swift */; };
		A6216A362265E56F0073CE1F /* JSONParser.swift in Sources */ = {isa = PBXBuildFile; fileRef = A6216A352265E56F0073CE1F /* JSONParser.swift */; };
		A6216A3A226691340073CE1F /* Category.swift in Sources */ = {isa = PBXBuildFile; fileRef = A6216A39226691340073CE1F /* Category.swift */; };
		A63CE3C4223423EE00F62E1F /* Explore.swift in Sources */ = {isa = PBXBuildFile; fileRef = A63CE3C3223423EE00F62E1F /* Explore.swift */; };
		A64BD9F02268B9E900E29669 /* Trip.swift in Sources */ = {isa = PBXBuildFile; fileRef = A64BD9EF2268B9E900E29669 /* Trip.swift */; };
		A64BD9F22268BA6800E29669 /* Item.swift in Sources */ = {isa = PBXBuildFile; fileRef = A64BD9F12268BA6800E29669 /* Item.swift */; };
		A6719E26226236E000483AFC /* Photo.swift in Sources */ = {isa = PBXBuildFile; fileRef = A6719E25226236E000483AFC /* Photo.swift */; };
		A6836A36226B5165008F75EB /* reg.swift in Sources */ = {isa = PBXBuildFile; fileRef = A6836A35226B5165008F75EB /* reg.swift */; };
		A6856A2F2232C65F0036A677 /* Search.swift in Sources */ = {isa = PBXBuildFile; fileRef = A6856A2E2232C65F0036A677 /* Search.swift */; };
		A6856A312232CCD60036A677 /* Bookmarks.swift in Sources */ = {isa = PBXBuildFile; fileRef = A6856A302232CCD60036A677 /* Bookmarks.swift */; };
		A68BFAFF2265043100BAF061 /* Extensions.swift in Sources */ = {isa = PBXBuildFile; fileRef = A68BFAFE2265043100BAF061 /* Extensions.swift */; };
		A695797D223422F0008F79C4 /* Settings.swift in Sources */ = {isa = PBXBuildFile; fileRef = A695797C223422F0008F79C4 /* Settings.swift */; };
		A6A67CF9222FE9A700D82479 /* AppDelegate.swift in Sources */ = {isa = PBXBuildFile; fileRef = A6A67CF8222FE9A700D82479 /* AppDelegate.swift */; };
		A6A67CFB222FE9A700D82479 /* mainScreen.swift in Sources */ = {isa = PBXBuildFile; fileRef = A6A67CFA222FE9A700D82479 /* mainScreen.swift */; };
		A6A67CFE222FE9A700D82479 /* Main.storyboard in Resources */ = {isa = PBXBuildFile; fileRef = A6A67CFC222FE9A700D82479 /* Main.storyboard */; };
		A6A67D00222FE9A800D82479 /* Assets.xcassets in Resources */ = {isa = PBXBuildFile; fileRef = A6A67CFF222FE9A800D82479 /* Assets.xcassets */; };
		A6A67D03222FE9A800D82479 /* LaunchScreen.storyboard in Resources */ = {isa = PBXBuildFile; fileRef = A6A67D01222FE9A800D82479 /* LaunchScreen.storyboard */; };
		A6B77B15223002D000DA4543 /* reg_interestChoice.swift in Sources */ = {isa = PBXBuildFile; fileRef = A6B77B14223002D000DA4543 /* reg_interestChoice.swift */; };
		A6B77B172230172D00DA4543 /* reg_done.swift in Sources */ = {isa = PBXBuildFile; fileRef = A6B77B162230172D00DA4543 /* reg_done.swift */; };
		A6B77B192230192600DA4543 /* Featured.swift in Sources */ = {isa = PBXBuildFile; fileRef = A6B77B182230192600DA4543 /* Featured.swift */; };
		A6B77B1B22301CDF00DA4543 /* custom_Views.swift in Sources */ = {isa = PBXBuildFile; fileRef = A6B77B1A22301CDF00DA4543 /* custom_Views.swift */; };
		A6B77B1D22302A3600DA4543 /* CategoryView.swift in Sources */ = {isa = PBXBuildFile; fileRef = A6B77B1C22302A3600DA4543 /* CategoryView.swift */; };
		A6FF7BF3223854B200EF58D1 /* DirectionalPan.swift in Sources */ = {isa = PBXBuildFile; fileRef = A6FF7BF2223854B200EF58D1 /* DirectionalPan.swift */; };
/* End PBXBuildFile section */

/* Begin PBXFileReference section */
		A612D417226EC61F004BF88F /* tripDetail.swift */ = {isa = PBXFileReference; lastKnownFileType = sourcecode.swift; path = tripDetail.swift; sourceTree = "<group>"; };
		A6216A2C2265DED30073CE1F /* Reachability.swift */ = {isa = PBXFileReference; lastKnownFileType = sourcecode.swift; path = Reachability.swift; sourceTree = "<group>"; };
		A6216A302265DF0D0073CE1F /* Network.swift */ = {isa = PBXFileReference; lastKnownFileType = sourcecode.swift; path = Network.swift; sourceTree = "<group>"; };
		A6216A322265E3C80073CE1F /* Session.swift */ = {isa = PBXFileReference; lastKnownFileType = sourcecode.swift; path = Session.swift; sourceTree = "<group>"; };
		A6216A352265E56F0073CE1F /* JSONParser.swift */ = {isa = PBXFileReference; lastKnownFileType = sourcecode.swift; path = JSONParser.swift; sourceTree = "<group>"; };
		A6216A39226691340073CE1F /* Category.swift */ = {isa = PBXFileReference; lastKnownFileType = sourcecode.swift; path = Category.swift; sourceTree = "<group>"; };
		A63CE3C3223423EE00F62E1F /* Explore.swift */ = {isa = PBXFileReference; lastKnownFileType = sourcecode.swift; path = Explore.swift; sourceTree = "<group>"; };
		A64BD9EF2268B9E900E29669 /* Trip.swift */ = {isa = PBXFileReference; lastKnownFileType = sourcecode.swift; path = Trip.swift; sourceTree = "<group>"; };
		A64BD9F12268BA6800E29669 /* Item.swift */ = {isa = PBXFileReference; lastKnownFileType = sourcecode.swift; path = Item.swift; sourceTree = "<group>"; };
		A6719E25226236E000483AFC /* Photo.swift */ = {isa = PBXFileReference; lastKnownFileType = sourcecode.swift; path = Photo.swift; sourceTree = "<group>"; };
		A6836A34226B4E41008F75EB /* fyp.entitlements */ = {isa = PBXFileReference; lastKnownFileType = text.plist.entitlements; path = fyp.entitlements; sourceTree = "<group>"; };
		A6836A35226B5165008F75EB /* reg.swift */ = {isa = PBXFileReference; lastKnownFileType = sourcecode.swift; path = reg.swift; sourceTree = "<group>"; };
		A6856A2E2232C65F0036A677 /* Search.swift */ = {isa = PBXFileReference; lastKnownFileType = sourcecode.swift; path = Search.swift; sourceTree = "<group>"; };
		A6856A302232CCD60036A677 /* Bookmarks.swift */ = {isa = PBXFileReference; lastKnownFileType = sourcecode.swift; path = Bookmarks.swift; sourceTree = "<group>"; };
		A68BFAFE2265043100BAF061 /* Extensions.swift */ = {isa = PBXFileReference; lastKnownFileType = sourcecode.swift; path = Extensions.swift; sourceTree = "<group>"; };
		A695797C223422F0008F79C4 /* Settings.swift */ = {isa = PBXFileReference; lastKnownFileType = sourcecode.swift; path = Settings.swift; sourceTree = "<group>"; };
		A6A67CF5222FE9A600D82479 /* fyp.app */ = {isa = PBXFileReference; explicitFileType = wrapper.application; includeInIndex = 0; path = fyp.app; sourceTree = BUILT_PRODUCTS_DIR; };
		A6A67CF8222FE9A700D82479 /* AppDelegate.swift */ = {isa = PBXFileReference; lastKnownFileType = sourcecode.swift; path = AppDelegate.swift; sourceTree = "<group>"; };
		A6A67CFA222FE9A700D82479 /* mainScreen.swift */ = {isa = PBXFileReference; lastKnownFileType = sourcecode.swift; path = mainScreen.swift; sourceTree = "<group>"; };
		A6A67CFD222FE9A700D82479 /* Base */ = {isa = PBXFileReference; lastKnownFileType = file.storyboard; name = Base; path = Base.lproj/Main.storyboard; sourceTree = "<group>"; };
		A6A67CFF222FE9A800D82479 /* Assets.xcassets */ = {isa = PBXFileReference; lastKnownFileType = folder.assetcatalog; path = Assets.xcassets; sourceTree = "<group>"; };
		A6A67D02222FE9A800D82479 /* Base */ = {isa = PBXFileReference; lastKnownFileType = file.storyboard; name = Base; path = Base.lproj/LaunchScreen.storyboard; sourceTree = "<group>"; };
		A6A67D04222FE9A800D82479 /* Info.plist */ = {isa = PBXFileReference; lastKnownFileType = text.plist.xml; path = Info.plist; sourceTree = "<group>"; };
		A6B77B14223002D000DA4543 /* reg_interestChoice.swift */ = {isa = PBXFileReference; lastKnownFileType = sourcecode.swift; path = reg_interestChoice.swift; sourceTree = "<group>"; };
		A6B77B162230172D00DA4543 /* reg_done.swift */ = {isa = PBXFileReference; lastKnownFileType = sourcecode.swift; path = reg_done.swift; sourceTree = "<group>"; };
		A6B77B182230192600DA4543 /* Featured.swift */ = {isa = PBXFileReference; lastKnownFileType = sourcecode.swift; path = Featured.swift; sourceTree = "<group>"; };
		A6B77B1A22301CDF00DA4543 /* custom_Views.swift */ = {isa = PBXFileReference; lastKnownFileType = sourcecode.swift; path = custom_Views.swift; sourceTree = "<group>"; };
		A6B77B1C22302A3600DA4543 /* CategoryView.swift */ = {isa = PBXFileReference; lastKnownFileType = sourcecode.swift; path = CategoryView.swift; sourceTree = "<group>"; };
		A6FF7BF2223854B200EF58D1 /* DirectionalPan.swift */ = {isa = PBXFileReference; lastKnownFileType = sourcecode.swift; path = DirectionalPan.swift; sourceTree = "<group>"; };
/* End PBXFileReference section */

/* Begin PBXFrameworksBuildPhase section */
		A6A67CF2222FE9A600D82479 /* Frameworks */ = {
			isa = PBXFrameworksBuildPhase;
			buildActionMask = 2147483647;
			files = (
			);
			runOnlyForDeploymentPostprocessing = 0;
		};
/* End PBXFrameworksBuildPhase section */

/* Begin PBXGroup section */
		A6216A342265E3E20073CE1F /* Object */ = {
			isa = PBXGroup;
			children = (
				A6216A39226691340073CE1F /* Category.swift */,
				A64BD9EF2268B9E900E29669 /* Trip.swift */,
				A64BD9F12268BA6800E29669 /* Item.swift */,
			);
			path = Object;
			sourceTree = "<group>";
		};
		A68BFAF9226503A400BAF061 /* Controller */ = {
			isa = PBXGroup;
			children = (
				A6856A302232CCD60036A677 /* Bookmarks.swift */,
				A6B77B1C22302A3600DA4543 /* CategoryView.swift */,
				A63CE3C3223423EE00F62E1F /* Explore.swift */,
				A6B77B182230192600DA4543 /* Featured.swift */,
				A6A67CFA222FE9A700D82479 /* mainScreen.swift */,
				A6719E25226236E000483AFC /* Photo.swift */,
				A6B77B162230172D00DA4543 /* reg_done.swift */,
				A6B77B14223002D000DA4543 /* reg_interestChoice.swift */,
				A6856A2E2232C65F0036A677 /* Search.swift */,
				A695797C223422F0008F79C4 /* Settings.swift */,
				A6836A35226B5165008F75EB /* reg.swift */,
				A612D417226EC61F004BF88F /* tripDetail.swift */,
			);
			path = Controller;
			sourceTree = "<group>";
		};
		A68BFAFA226503F700BAF061 /* Cell */ = {
			isa = PBXGroup;
			children = (
				A6B77B1A22301CDF00DA4543 /* custom_Views.swift */,
			);
			path = Cell;
			sourceTree = "<group>";
		};
		A68BFAFB2265040200BAF061 /* Action */ = {
			isa = PBXGroup;
			children = (
				A6216A2C2265DED30073CE1F /* Reachability.swift */,
				A6216A302265DF0D0073CE1F /* Network.swift */,
				A6216A352265E56F0073CE1F /* JSONParser.swift */,
			);
			path = Action;
			sourceTree = "<group>";
		};
		A68BFAFC2265040800BAF061 /* Class */ = {
			isa = PBXGroup;
			children = (
				A6FF7BF2223854B200EF58D1 /* DirectionalPan.swift */,
				A6216A322265E3C80073CE1F /* Session.swift */,
			);
			path = Class;
			sourceTree = "<group>";
		};
		A68BFAFD2265041600BAF061 /* Extension */ = {
			isa = PBXGroup;
			children = (
				A68BFAFE2265043100BAF061 /* Extensions.swift */,
			);
			path = Extension;
			sourceTree = "<group>";
		};
		A6A67CEC222FE9A600D82479 = {
			isa = PBXGroup;
			children = (
				A6A67CF7222FE9A600D82479 /* fyp */,
				A6A67CF6222FE9A600D82479 /* Products */,
			);
			sourceTree = "<group>";
		};
		A6A67CF6222FE9A600D82479 /* Products */ = {
			isa = PBXGroup;
			children = (
				A6A67CF5222FE9A600D82479 /* fyp.app */,
			);
			name = Products;
			sourceTree = "<group>";
		};
		A6A67CF7222FE9A600D82479 /* fyp */ = {
			isa = PBXGroup;
			children = (
				A6836A34226B4E41008F75EB /* fyp.entitlements */,
				A68BFAFB2265040200BAF061 /* Action */,
				A6A67CF8222FE9A700D82479 /* AppDelegate.swift */,
				A6A67CFF222FE9A800D82479 /* Assets.xcassets */,
				A68BFAFA226503F700BAF061 /* Cell */,
				A68BFAFC2265040800BAF061 /* Class */,
				A68BFAF9226503A400BAF061 /* Controller */,
				A68BFAFD2265041600BAF061 /* Extension */,
				A6A67D04222FE9A800D82479 /* Info.plist */,
				A6A67D01222FE9A800D82479 /* LaunchScreen.storyboard */,
				A6A67CFC222FE9A700D82479 /* Main.storyboard */,
				A6216A342265E3E20073CE1F /* Object */,
			);
			path = fyp;
			sourceTree = "<group>";
		};
/* End PBXGroup section */

/* Begin PBXNativeTarget section */
		A6A67CF4222FE9A600D82479 /* fyp */ = {
			isa = PBXNativeTarget;
			buildConfigurationList = A6A67D07222FE9A800D82479 /* Build configuration list for PBXNativeTarget "fyp" */;
			buildPhases = (
				A6A67CF1222FE9A600D82479 /* Sources */,
				A6A67CF2222FE9A600D82479 /* Frameworks */,
				A6A67CF3222FE9A600D82479 /* Resources */,
			);
			buildRules = (
			);
			dependencies = (
			);
			name = fyp;
			productName = fyp;
			productReference = A6A67CF5222FE9A600D82479 /* fyp.app */;
			productType = "com.apple.product-type.application";
		};
/* End PBXNativeTarget section */

/* Begin PBXProject section */
		A6A67CED222FE9A600D82479 /* Project object */ = {
			isa = PBXProject;
			attributes = {
				LastSwiftUpdateCheck = 1010;
				LastUpgradeCheck = 1010;
				ORGANIZATIONNAME = Scarlet;
				TargetAttributes = {
					A6A67CF4222FE9A600D82479 = {
						CreatedOnToolsVersion = 10.1;
						SystemCapabilities = {
							com.apple.SafariKeychain = {
								enabled = 1;
							};
						};
					};
				};
			};
			buildConfigurationList = A6A67CF0222FE9A600D82479 /* Build configuration list for PBXProject "fyp" */;
			compatibilityVersion = "Xcode 9.3";
			developmentRegion = en;
			hasScannedForEncodings = 0;
			knownRegions = (
				en,
				Base,
			);
			mainGroup = A6A67CEC222FE9A600D82479;
			productRefGroup = A6A67CF6222FE9A600D82479 /* Products */;
			projectDirPath = "";
			projectRoot = "";
			targets = (
				A6A67CF4222FE9A600D82479 /* fyp */,
			);
		};
/* End PBXProject section */

/* Begin PBXResourcesBuildPhase section */
		A6A67CF3222FE9A600D82479 /* Resources */ = {
			isa = PBXResourcesBuildPhase;
			buildActionMask = 2147483647;
			files = (
				A6A67D03222FE9A800D82479 /* LaunchScreen.storyboard in Resources */,
				A6A67D00222FE9A800D82479 /* Assets.xcassets in Resources */,
				A6A67CFE222FE9A700D82479 /* Main.storyboard in Resources */,
			);
			runOnlyForDeploymentPostprocessing = 0;
		};
/* End PBXResourcesBuildPhase section */

/* Begin PBXSourcesBuildPhase section */
		A6A67CF1222FE9A600D82479 /* Sources */ = {
			isa = PBXSourcesBuildPhase;
			buildActionMask = 2147483647;
			files = (
				A6836A36226B5165008F75EB /* reg.swift in Sources */,
				A64BD9F02268B9E900E29669 /* Trip.swift in Sources */,
				A6A67CFB222FE9A700D82479 /* mainScreen.swift in Sources */,
				A6216A332265E3C80073CE1F /* Session.swift in Sources */,
				A6216A3A226691340073CE1F /* Category.swift in Sources */,
				A64BD9F22268BA6800E29669 /* Item.swift in Sources */,
				A6216A362265E56F0073CE1F /* JSONParser.swift in Sources */,
				A6A67CF9222FE9A700D82479 /* AppDelegate.swift in Sources */,
				A612D418226EC61F004BF88F /* tripDetail.swift in Sources */,
				A6216A312265DF0D0073CE1F /* Network.swift in Sources */,
				A6B77B1B22301CDF00DA4543 /* custom_Views.swift in Sources */,
				A6B77B172230172D00DA4543 /* reg_done.swift in Sources */,
				A6B77B15223002D000DA4543 /* reg_interestChoice.swift in Sources */,
				A6719E26226236E000483AFC /* Photo.swift in Sources */,
				A6FF7BF3223854B200EF58D1 /* DirectionalPan.swift in Sources */,
				A6856A2F2232C65F0036A677 /* Search.swift in Sources */,
				A6216A2D2265DED30073CE1F /* Reachability.swift in Sources */,
				A6B77B192230192600DA4543 /* Featured.swift in Sources */,
				A63CE3C4223423EE00F62E1F /* Explore.swift in Sources */,
				A6856A312232CCD60036A677 /* Bookmarks.swift in Sources */,
				A695797D223422F0008F79C4 /* Settings.swift in Sources */,
				A6B77B1D22302A3600DA4543 /* CategoryView.swift in Sources */,
				A68BFAFF2265043100BAF061 /* Extensions.swift in Sources */,
			);
			runOnlyForDeploymentPostprocessing = 0;
		};
/* End PBXSourcesBuildPhase section */

/* Begin PBXVariantGroup section */
		A6A67CFC222FE9A700D82479 /* Main.storyboard */ = {
			isa = PBXVariantGroup;
			children = (
				A6A67CFD222FE9A700D82479 /* Base */,
			);
			name = Main.storyboard;
			sourceTree = "<group>";
		};
		A6A67D01222FE9A800D82479 /* LaunchScreen.storyboard */ = {
			isa = PBXVariantGroup;
			children = (
				A6A67D02222FE9A800D82479 /* Base */,
			);
			name = LaunchScreen.storyboard;
			sourceTree = "<group>";
		};
/* End PBXVariantGroup section */

/* Begin XCBuildConfiguration section */
		A6A67D05222FE9A800D82479 /* Debug */ = {
			isa = XCBuildConfiguration;
			buildSettings = {
				ALWAYS_SEARCH_USER_PATHS = NO;
				CLANG_ANALYZER_NONNULL = YES;
				CLANG_ANALYZER_NUMBER_OBJECT_CONVERSION = YES_AGGRESSIVE;
				CLANG_CXX_LANGUAGE_STANDARD = "gnu++14";
				CLANG_CXX_LIBRARY = "libc++";
				CLANG_ENABLE_MODULES = YES;
				CLANG_ENABLE_OBJC_ARC = YES;
				CLANG_ENABLE_OBJC_WEAK = YES;
				CLANG_WARN_BLOCK_CAPTURE_AUTORELEASING = YES;
				CLANG_WARN_BOOL_CONVERSION = YES;
				CLANG_WARN_COMMA = YES;
				CLANG_WARN_CONSTANT_CONVERSION = YES;
				CLANG_WARN_DEPRECATED_OBJC_IMPLEMENTATIONS = YES;
				CLANG_WARN_DIRECT_OBJC_ISA_USAGE = YES_ERROR;
				CLANG_WARN_DOCUMENTATION_COMMENTS = YES;
				CLANG_WARN_EMPTY_BODY = YES;
				CLANG_WARN_ENUM_CONVERSION = YES;
				CLANG_WARN_INFINITE_RECURSION = YES;
				CLANG_WARN_INT_CONVERSION = YES;
				CLANG_WARN_NON_LITERAL_NULL_CONVERSION = YES;
				CLANG_WARN_OBJC_IMPLICIT_RETAIN_SELF = YES;
				CLANG_WARN_OBJC_LITERAL_CONVERSION = YES;
				CLANG_WARN_OBJC_ROOT_CLASS = YES_ERROR;
				CLANG_WARN_RANGE_LOOP_ANALYSIS = YES;
				CLANG_WARN_STRICT_PROTOTYPES = YES;
				CLANG_WARN_SUSPICIOUS_MOVE = YES;
				CLANG_WARN_UNGUARDED_AVAILABILITY = YES_AGGRESSIVE;
				CLANG_WARN_UNREACHABLE_CODE = YES;
				CLANG_WARN__DUPLICATE_METHOD_MATCH = YES;
				CODE_SIGN_IDENTITY = "iPhone Developer";
				COPY_PHASE_STRIP = NO;
				DEBUG_INFORMATION_FORMAT = dwarf;
				ENABLE_STRICT_OBJC_MSGSEND = YES;
				ENABLE_TESTABILITY = YES;
				GCC_C_LANGUAGE_STANDARD = gnu11;
				GCC_DYNAMIC_NO_PIC = NO;
				GCC_NO_COMMON_BLOCKS = YES;
				GCC_OPTIMIZATION_LEVEL = 0;
				GCC_PREPROCESSOR_DEFINITIONS = (
					"DEBUG=1",
					"$(inherited)",
				);
				GCC_WARN_64_TO_32_BIT_CONVERSION = YES;
				GCC_WARN_ABOUT_RETURN_TYPE = YES_ERROR;
				GCC_WARN_UNDECLARED_SELECTOR = YES;
				GCC_WARN_UNINITIALIZED_AUTOS = YES_AGGRESSIVE;
				GCC_WARN_UNUSED_FUNCTION = YES;
				GCC_WARN_UNUSED_VARIABLE = YES;
				IPHONEOS_DEPLOYMENT_TARGET = 12.1;
				MTL_ENABLE_DEBUG_INFO = INCLUDE_SOURCE;
				MTL_FAST_MATH = YES;
				ONLY_ACTIVE_ARCH = YES;
				SDKROOT = iphoneos;
				SWIFT_ACTIVE_COMPILATION_CONDITIONS = DEBUG;
				SWIFT_OPTIMIZATION_LEVEL = "-Onone";
			};
			name = Debug;
		};
		A6A67D06222FE9A800D82479 /* Release */ = {
			isa = XCBuildConfiguration;
			buildSettings = {
				ALWAYS_SEARCH_USER_PATHS = NO;
				CLANG_ANALYZER_NONNULL = YES;
				CLANG_ANALYZER_NUMBER_OBJECT_CONVERSION = YES_AGGRESSIVE;
				CLANG_CXX_LANGUAGE_STANDARD = "gnu++14";
				CLANG_CXX_LIBRARY = "libc++";
				CLANG_ENABLE_MODULES = YES;
				CLANG_ENABLE_OBJC_ARC = YES;
				CLANG_ENABLE_OBJC_WEAK = YES;
				CLANG_WARN_BLOCK_CAPTURE_AUTORELEASING = YES;
				CLANG_WARN_BOOL_CONVERSION = YES;
				CLANG_WARN_COMMA = YES;
				CLANG_WARN_CONSTANT_CONVERSION = YES;
				CLANG_WARN_DEPRECATED_OBJC_IMPLEMENTATIONS = YES;
				CLANG_WARN_DIRECT_OBJC_ISA_USAGE = YES_ERROR;
				CLANG_WARN_DOCUMENTATION_COMMENTS = YES;
				CLANG_WARN_EMPTY_BODY = YES;
				CLANG_WARN_ENUM_CONVERSION = YES;
				CLANG_WARN_INFINITE_RECURSION = YES;
				CLANG_WARN_INT_CONVERSION = YES;
				CLANG_WARN_NON_LITERAL_NULL_CONVERSION = YES;
				CLANG_WARN_OBJC_IMPLICIT_RETAIN_SELF = YES;
				CLANG_WARN_OBJC_LITERAL_CONVERSION = YES;
				CLANG_WARN_OBJC_ROOT_CLASS = YES_ERROR;
				CLANG_WARN_RANGE_LOOP_ANALYSIS = YES;
				CLANG_WARN_STRICT_PROTOTYPES = YES;
				CLANG_WARN_SUSPICIOUS_MOVE = YES;
				CLANG_WARN_UNGUARDED_AVAILABILITY = YES_AGGRESSIVE;
				CLANG_WARN_UNREACHABLE_CODE = YES;
				CLANG_WARN__DUPLICATE_METHOD_MATCH = YES;
				CODE_SIGN_IDENTITY = "iPhone Developer";
				COPY_PHASE_STRIP = NO;
				DEBUG_INFORMATION_FORMAT = "dwarf-with-dsym";
				ENABLE_NS_ASSERTIONS = NO;
				ENABLE_STRICT_OBJC_MSGSEND = YES;
				GCC_C_LANGUAGE_STANDARD = gnu11;
				GCC_NO_COMMON_BLOCKS = YES;
				GCC_WARN_64_TO_32_BIT_CONVERSION = YES;
				GCC_WARN_ABOUT_RETURN_TYPE = YES_ERROR;
				GCC_WARN_UNDECLARED_SELECTOR = YES;
				GCC_WARN_UNINITIALIZED_AUTOS = YES_AGGRESSIVE;
				GCC_WARN_UNUSED_FUNCTION = YES;
				GCC_WARN_UNUSED_VARIABLE = YES;
				IPHONEOS_DEPLOYMENT_TARGET = 12.1;
				MTL_ENABLE_DEBUG_INFO = NO;
				MTL_FAST_MATH = YES;
				SDKROOT = iphoneos;
				SWIFT_COMPILATION_MODE = wholemodule;
				SWIFT_OPTIMIZATION_LEVEL = "-O";
				VALIDATE_PRODUCT = YES;
			};
			name = Release;
		};
		A6A67D08222FE9A800D82479 /* Debug */ = {
			isa = XCBuildConfiguration;
			buildSettings = {
				ASSETCATALOG_COMPILER_APPICON_NAME = AppIcon;
				CODE_SIGN_ENTITLEMENTS = fyp/fyp.entitlements;
				CODE_SIGN_STYLE = Automatic;
				DEVELOPMENT_TEAM = 7WC44F9Y8F;
				INFOPLIST_FILE = fyp/Info.plist;
				LD_RUNPATH_SEARCH_PATHS = (
					"$(inherited)",
					"@executable_path/Frameworks",
				);
				PRODUCT_BUNDLE_IDENTIFIER = net.scarletsc.fyp;
				PRODUCT_NAME = "$(TARGET_NAME)";
				SWIFT_VERSION = 4.2;
				TARGETED_DEVICE_FAMILY = "1,2";
			};
			name = Debug;
		};
		A6A67D09222FE9A800D82479 /* Release */ = {
			isa = XCBuildConfiguration;
			buildSettings = {
				ASSETCATALOG_COMPILER_APPICON_NAME = AppIcon;
				CODE_SIGN_ENTITLEMENTS = fyp/fyp.entitlements;
				CODE_SIGN_STYLE = Automatic;
				DEVELOPMENT_TEAM = 7WC44F9Y8F;
				INFOPLIST_FILE = fyp/Info.plist;
				LD_RUNPATH_SEARCH_PATHS = (
					"$(inherited)",
					"@executable_path/Frameworks",
				);
				PRODUCT_BUNDLE_IDENTIFIER = net.scarletsc.fyp;
				PRODUCT_NAME = "$(TARGET_NAME)";
				SWIFT_VERSION = 4.2;
				TARGETED_DEVICE_FAMILY = "1,2";
			};
			name = Release;
		};
/* End XCBuildConfiguration section */

/* Begin XCConfigurationList section */
		A6A67CF0222FE9A600D82479 /* Build configuration list for PBXProject "fyp" */ = {
			isa = XCConfigurationList;
			buildConfigurations = (
				A6A67D05222FE9A800D82479 /* Debug */,
				A6A67D06222FE9A800D82479 /* Release */,
			);
			defaultConfigurationIsVisible = 0;
			defaultConfigurationName = Release;
		};
		A6A67D07222FE9A800D82479 /* Build configuration list for PBXNativeTarget "fyp" */ = {
			isa = XCConfigurationList;
			buildConfigurations = (
				A6A67D08222FE9A800D82479 /* Debug */,
				A6A67D09222FE9A800D82479 /* Release */,
			);
			defaultConfigurationIsVisible = 0;
			defaultConfigurationName = Release;
		};
/* End XCConfigurationList section */
	};
	rootObject = A6A67CED222FE9A600D82479 /* Project object */;
}
